{
  "name": "act-elgharantaly-quotes",
  "version": "1.0.0",
  "lockfileVersion": 2,
  "requires": true,
  "packages": {
    "": {
      "name": "act-elgharantaly-quotes",
      "version": "1.0.0",
      "license": "MIT",
      "dependencies": {
        "front-matter": "^4.0.2",
        "glob": "^8.0.3"
      },
      "devDependencies": {
        "@swc/cli": "^0.1.57",
        "@swc/core": "^1.2.205",
        "@types/node": "^18.0.0"
      }
    },
    "node_modules/@nodelib/fs.scandir": {
      "version": "2.1.5",
      "resolved": "https://registry.npmjs.org/@nodelib/fs.scandir/-/fs.scandir-2.1.5.tgz",
      "integrity": "sha512-vq24Bq3ym5HEQm2NKCr3yXDwjc7vTsEThRDnkp2DK9p1uqLR+DHurm/NOTo0KG7HYHU7eppKZj3MyqYuMBf62g==",
      "dev": true,
      "dependencies": {
        "@nodelib/fs.stat": "2.0.5",
        "run-parallel": "^1.1.9"
      },
      "engines": {
        "node": ">= 8"
      }
    },
    "node_modules/@nodelib/fs.stat": {
      "version": "2.0.5",
      "resolved": "https://registry.npmjs.org/@nodelib/fs.stat/-/fs.stat-2.0.5.tgz",
      "integrity": "sha512-RkhPPp2zrqDAQA/2jNhnztcPAlv64XdhIp7a7454A5ovI7Bukxgt7MX7udwAu3zg1DcpPU0rz3VV1SeaqvY4+A==",
      "dev": true,
      "engines": {
        "node": ">= 8"
      }
    },
    "node_modules/@nodelib/fs.walk": {
      "version": "1.2.8",
      "resolved": "https://registry.npmjs.org/@nodelib/fs.walk/-/fs.walk-1.2.8.tgz",
      "integrity": "sha512-oGB+UxlgWcgQkgwo8GcEGwemoTFt3FIO9ababBmaGwXIoBKZ+GTy0pP185beGg7Llih/NSHSV2XAs1lnznocSg==",
      "dev": true,
      "dependencies": {
        "@nodelib/fs.scandir": "2.1.5",
        "fastq": "^1.6.0"
      },
      "engines": {
        "node": ">= 8"
      }
    },
    "node_modules/@swc/cli": {
      "version": "0.1.57",
      "resolved": "https://registry.npmjs.org/@swc/cli/-/cli-0.1.57.tgz",
      "integrity": "sha512-HxM8TqYHhAg+zp7+RdTU69bnkl4MWdt1ygyp6BDIPjTiaJVH6Dizn2ezbgDS8mnFZI1FyhKvxU/bbaUs8XhzQg==",
      "dev": true,
      "dependencies": {
        "commander": "^7.1.0",
        "fast-glob": "^3.2.5",
        "slash": "3.0.0",
        "source-map": "^0.7.3"
      },
      "bin": {
        "spack": "bin/spack.js",
        "swc": "bin/swc.js"
      },
      "engines": {
        "node": ">= 12.13"
      },
      "peerDependencies": {
        "@swc/core": "^1.2.66",
        "chokidar": "^3.5.1"
      },
      "peerDependenciesMeta": {
        "chokidar": {
          "optional": true
        }
      }
    },
    "node_modules/@swc/core": {
      "version": "1.2.205",
      "resolved": "https://registry.npmjs.org/@swc/core/-/core-1.2.205.tgz",
      "integrity": "sha512-evq0/tFyYdYgOhKb//+G93fxe9zwFxtme7NL7wSiEF8+4/ON4Y5AI9eHLoqddXqs3W8Y0HQi+rJmlrkCibrseA==",
      "dev": true,
      "bin": {
        "swcx": "run_swcx.js"
      },
      "engines": {
        "node": ">=10"
      },
      "funding": {
        "type": "opencollective",
        "url": "https://opencollective.com/swc"
      },
      "optionalDependencies": {
        "@swc/core-android-arm-eabi": "1.2.205",
        "@swc/core-android-arm64": "1.2.205",
        "@swc/core-darwin-arm64": "1.2.205",
        "@swc/core-darwin-x64": "1.2.205",
        "@swc/core-freebsd-x64": "1.2.205",
        "@swc/core-linux-arm-gnueabihf": "1.2.205",
        "@swc/core-linux-arm64-gnu": "1.2.205",
        "@swc/core-linux-arm64-musl": "1.2.205",
        "@swc/core-linux-x64-gnu": "1.2.205",
        "@swc/core-linux-x64-musl": "1.2.205",
        "@swc/core-win32-arm64-msvc": "1.2.205",
        "@swc/core-win32-ia32-msvc": "1.2.205",
        "@swc/core-win32-x64-msvc": "1.2.205"
      }
    },
    "node_modules/@swc/core-android-arm-eabi": {
      "version": "1.2.205",
      "resolved": "https://registry.npmjs.org/@swc/core-android-arm-eabi/-/core-android-arm-eabi-1.2.205.tgz",
      "integrity": "sha512-HfiuVA1JDHMSRQ8nE1DcemUgZ1PKaPwit4i7q3xin0NVbVHY1xkJyQFuLVh3VxTvGKKkF3hi8GJMVQgOXWL6kg==",
      "cpu": [
        "arm"
      ],
      "dev": true,
      "optional": true,
      "os": [
        "android"
      ],
      "engines": {
        "node": ">=10"
      }
    },
    "node_modules/@swc/core-android-arm64": {
      "version": "1.2.205",
      "resolved": "https://registry.npmjs.org/@swc/core-android-arm64/-/core-android-arm64-1.2.205.tgz",
      "integrity": "sha512-sRGZBV2dOnmh8gWWFo9HVOHdKa33zIsF8/8oYEGtq+2/s96UlAKltO2AA7HH9RaO/fT1tzBZStp+fEMUhDk/FA==",
      "cpu": [
        "arm64"
      ],
      "dev": true,
      "optional": true,
      "os": [
        "android"
      ],
      "engines": {
        "node": ">=10"
      }
    },
    "node_modules/@swc/core-darwin-arm64": {
      "version": "1.2.205",
      "resolved": "https://registry.npmjs.org/@swc/core-darwin-arm64/-/core-darwin-arm64-1.2.205.tgz",
      "integrity": "sha512-JwVDfKS7vp7zzOQXWNwwcF41h4r3DWEpK6DQjz18WJyS1VVOcpVQGyuE7kSPjcnG01ZxBL9JPwwT353i/8IwDg==",
      "cpu": [
        "arm64"
      ],
      "dev": true,
      "optional": true,
      "os": [
        "darwin"
      ],
      "engines": {
        "node": ">=10"
      }
    },
    "node_modules/@swc/core-darwin-x64": {
      "version": "1.2.205",
      "resolved": "https://registry.npmjs.org/@swc/core-darwin-x64/-/core-darwin-x64-1.2.205.tgz",
      "integrity": "sha512-malz2I+w6xFF1QyTmPGt0Y0NEMbUcrvfr5gUfZDGjxMhPPlS7k6fXucuZxVr9VVaM+JGq1SidVODmZ84jb1qHg==",
      "cpu": [
        "x64"
      ],
      "dev": true,
      "optional": true,
      "os": [
        "darwin"
      ],
      "engines": {
        "node": ">=10"
      }
    },
    "node_modules/@swc/core-freebsd-x64": {
      "version": "1.2.205",
      "resolved": "https://registry.npmjs.org/@swc/core-freebsd-x64/-/core-freebsd-x64-1.2.205.tgz",
      "integrity": "sha512-/nZrG1z0T7h97AsOb/wOtYlnh4WEuNppv3XKQIMPj32YNQdMBVgpybVTVRIs1GQGZMd1/7jAy5BVQcwQjUbrLg==",
      "cpu": [
        "x64"
      ],
      "dev": true,
      "optional": true,
      "os": [
        "freebsd"
      ],
      "engines": {
        "node": ">=10"
      }
    },
    "node_modules/@swc/core-linux-arm-gnueabihf": {
      "version": "1.2.205",
      "resolved": "https://registry.npmjs.org/@swc/core-linux-arm-gnueabihf/-/core-linux-arm-gnueabihf-1.2.205.tgz",
      "integrity": "sha512-mTA3vETMdBmpecUyI9waZYsp7FABhew4e81psspmFpDyfty0SLISWZDnvPAn0pSnb2fWhzKwDC5kdXHKUmLJuA==",
      "cpu": [
        "arm"
      ],
      "dev": true,
      "optional": true,
      "os": [
        "linux"
      ],
      "engines": {
        "node": ">=10"
      }
    },
    "node_modules/@swc/core-linux-arm64-gnu": {
      "version": "1.2.205",
      "resolved": "https://registry.npmjs.org/@swc/core-linux-arm64-gnu/-/core-linux-arm64-gnu-1.2.205.tgz",
      "integrity": "sha512-qGzFGryeQE+O5SFK7Nn2ESqCEnv00rnzhf11WZF9V71EZ15amIhmbcwHqvFpoRSDw8hZnqoGqfPRfoJbouptnA==",
      "cpu": [
        "arm64"
      ],
      "dev": true,
      "optional": true,
      "os": [
        "linux"
      ],
      "engines": {
        "node": ">=10"
      }
    },
    "node_modules/@swc/core-linux-arm64-musl": {
      "version": "1.2.205",
      "resolved": "https://registry.npmjs.org/@swc/core-linux-arm64-musl/-/core-linux-arm64-musl-1.2.205.tgz",
      "integrity": "sha512-uLJoX9L/4Xg3sLMjAbIhzbTe5gD/MBA8VETBeEkLtgb7a0ys1kvn9xQ6qLw6A71amEPlI+VABnoTRdUEaBSV9Q==",
      "cpu": [
        "arm64"
      ],
      "dev": true,
      "optional": true,
      "os": [
        "linux"
      ],
      "engines": {
        "node": ">=10"
      }
    },
    "node_modules/@swc/core-linux-x64-gnu": {
      "version": "1.2.205",
      "resolved": "https://registry.npmjs.org/@swc/core-linux-x64-gnu/-/core-linux-x64-gnu-1.2.205.tgz",
      "integrity": "sha512-gQsjcYlkWKP1kceQIsoHGrOrG7ygW3ojNsSnYoZ5DG5PipRA4eeUfO9YIfrmoa29LiVNjmRPfUJa8O1UHDG5ew==",
      "cpu": [
        "x64"
      ],
      "dev": true,
      "optional": true,
      "os": [
        "linux"
      ],
      "engines": {
        "node": ">=10"
      }
    },
    "node_modules/@swc/core-linux-x64-musl": {
      "version": "1.2.205",
      "resolved": "https://registry.npmjs.org/@swc/core-linux-x64-musl/-/core-linux-x64-musl-1.2.205.tgz",
      "integrity": "sha512-LR5ukqBltQc++2eX3qEj/H8KtOt0V3CmtgXNOiNCUxvPDT8mYz/8MJhYOrofonND0RKfXyyPW7dRxg62ceTLSQ==",
      "cpu": [
        "x64"
      ],
      "dev": true,
      "optional": true,
      "os": [
        "linux"
      ],
      "engines": {
        "node": ">=10"
      }
    },
    "node_modules/@swc/core-win32-arm64-msvc": {
      "version": "1.2.205",
      "resolved": "https://registry.npmjs.org/@swc/core-win32-arm64-msvc/-/core-win32-arm64-msvc-1.2.205.tgz",
      "integrity": "sha512-NjcLWm4mOy78LAEt7pqFl+SLcCyqnSlUP729XRd1uRvKwt1Cwch5SQRdoaFqwf1DaEQy4H4iuGPynkfarlb1kQ==",
      "cpu": [
        "arm64"
      ],
      "dev": true,
      "optional": true,
      "os": [
        "win32"
      ],
      "engines": {
        "node": ">=10"
      }
    },
    "node_modules/@swc/core-win32-ia32-msvc": {
      "version": "1.2.205",
      "resolved": "https://registry.npmjs.org/@swc/core-win32-ia32-msvc/-/core-win32-ia32-msvc-1.2.205.tgz",
      "integrity": "sha512-+6byrRxIXgZ0zmLL6ZeX1HBBrAqvCy8MR5Yz0SO26jR8OPZXJCgZXL9BTsZO+YEG4f32ZOlZh3nnHCl6Dcb4GA==",
      "cpu": [
        "ia32"
      ],
      "dev": true,
      "optional": true,
      "os": [
        "win32"
      ],
      "engines": {
        "node": ">=10"
      }
    },
    "node_modules/@swc/core-win32-x64-msvc": {
      "version": "1.2.205",
      "resolved": "https://registry.npmjs.org/@swc/core-win32-x64-msvc/-/core-win32-x64-msvc-1.2.205.tgz",
      "integrity": "sha512-RRSkyAol0c7sU9gejtrpF8TLmdYdBjLutcmQHtLKbWTm74ZLidZpF28G0J2tD7HNmzQnMpLzyoT1jW9JgLwzVg==",
      "cpu": [
        "x64"
      ],
      "dev": true,
      "optional": true,
      "os": [
        "win32"
      ],
      "engines": {
        "node": ">=10"
      }
    },
    "node_modules/@types/node": {
      "version": "18.0.0",
      "resolved": "https://registry.npmjs.org/@types/node/-/node-18.0.0.tgz",
      "integrity": "sha512-cHlGmko4gWLVI27cGJntjs/Sj8th9aYwplmZFwmmgYQQvL5NUsgVJG7OddLvNfLqYS31KFN0s3qlaD9qCaxACA==",
      "dev": true
    },
    "node_modules/argparse": {
      "version": "1.0.10",
      "resolved": "https://registry.npmjs.org/argparse/-/argparse-1.0.10.tgz",
      "integrity": "sha512-o5Roy6tNG4SL/FOkCAN6RzjiakZS25RLYFrcMttJqbdd8BWrnA+fGz57iN5Pb06pvBGvl5gQ0B48dJlslXvoTg==",
      "dependencies": {
        "sprintf-js": "~1.0.2"
      }
    },
    "node_modules/balanced-match": {
      "version": "1.0.2",
      "resolved": "https://registry.npmjs.org/balanced-match/-/balanced-match-1.0.2.tgz",
      "integrity": "sha512-3oSeUO0TMV67hN1AmbXsK4yaqU7tjiHlbxRDZOpH0KW9+CeX4bRAaX0Anxt0tx2MrpRpWwQaPwIlISEJhYU5Pw=="
    },
    "node_modules/brace-expansion": {
      "version": "2.0.1",
      "resolved": "https://registry.npmjs.org/brace-expansion/-/brace-expansion-2.0.1.tgz",
      "integrity": "sha512-XnAIvQ8eM+kC6aULx6wuQiwVsnzsi9d3WxzV3FpWTGA19F621kwdbsAcFKXgKUHZWsy+mY6iL1sHTxWEFCytDA==",
      "dependencies": {
        "balanced-match": "^1.0.0"
      }
    },
    "node_modules/braces": {
      "version": "3.0.2",
      "resolved": "https://registry.npmjs.org/braces/-/braces-3.0.2.tgz",
      "integrity": "sha512-b8um+L1RzM3WDSzvhm6gIz1yfTbBt6YTlcEKAvsmqCZZFw46z626lVj9j1yEPW33H5H+lBQpZMP1k8l+78Ha0A==",
      "dev": true,
      "dependencies": {
        "fill-range": "^7.0.1"
      },
      "engines": {
        "node": ">=8"
      }
    },
    "node_modules/commander": {
      "version": "7.2.0",
      "resolved": "https://registry.npmjs.org/commander/-/commander-7.2.0.tgz",
      "integrity": "sha512-QrWXB+ZQSVPmIWIhtEO9H+gwHaMGYiF5ChvoJ+K9ZGHG/sVsa6yiesAD1GC/x46sET00Xlwo1u49RVVVzvcSkw==",
      "dev": true,
      "engines": {
        "node": ">= 10"
      }
    },
    "node_modules/esprima": {
      "version": "4.0.1",
      "resolved": "https://registry.npmjs.org/esprima/-/esprima-4.0.1.tgz",
      "integrity": "sha512-eGuFFw7Upda+g4p+QHvnW0RyTX/SVeJBDM/gCtMARO0cLuT2HcEKnTPvhjV6aGeqrCB/sbNop0Kszm0jsaWU4A==",
      "bin": {
        "esparse": "bin/esparse.js",
        "esvalidate": "bin/esvalidate.js"
      },
      "engines": {
        "node": ">=4"
      }
    },
    "node_modules/fast-glob": {
      "version": "3.2.11",
      "resolved": "https://registry.npmjs.org/fast-glob/-/fast-glob-3.2.11.tgz",
      "integrity": "sha512-xrO3+1bxSo3ZVHAnqzyuewYT6aMFHRAd4Kcs92MAonjwQZLsK9d0SF1IyQ3k5PoirxTW0Oe/RqFgMQ6TcNE5Ew==",
      "dev": true,
      "dependencies": {
        "@nodelib/fs.stat": "^2.0.2",
        "@nodelib/fs.walk": "^1.2.3",
        "glob-parent": "^5.1.2",
        "merge2": "^1.3.0",
        "micromatch": "^4.0.4"
      },
      "engines": {
        "node": ">=8.6.0"
      }
    },
    "node_modules/fastq": {
      "version": "1.13.0",
      "resolved": "https://registry.npmjs.org/fastq/-/fastq-1.13.0.tgz",
      "integrity": "sha512-YpkpUnK8od0o1hmeSc7UUs/eB/vIPWJYjKck2QKIzAf71Vm1AAQ3EbuZB3g2JIy+pg+ERD0vqI79KyZiB2e2Nw==",
      "dev": true,
      "dependencies": {
        "reusify": "^1.0.4"
      }
    },
    "node_modules/fill-range": {
      "version": "7.0.1",
      "resolved": "https://registry.npmjs.org/fill-range/-/fill-range-7.0.1.tgz",
      "integrity": "sha512-qOo9F+dMUmC2Lcb4BbVvnKJxTPjCm+RRpe4gDuGrzkL7mEVl/djYSu2OdQ2Pa302N4oqkSg9ir6jaLWJ2USVpQ==",
      "dev": true,
      "dependencies": {
        "to-regex-range": "^5.0.1"
      },
      "engines": {
        "node": ">=8"
      }
    },
    "node_modules/front-matter": {
      "version": "4.0.2",
      "resolved": "https://registry.npmjs.org/front-matter/-/front-matter-4.0.2.tgz",
      "integrity": "sha512-I8ZuJ/qG92NWX8i5x1Y8qyj3vizhXS31OxjKDu3LKP+7/qBgfIKValiZIEwoVoJKUHlhWtYrktkxV1XsX+pPlg==",
      "dependencies": {
        "js-yaml": "^3.13.1"
      }
    },
    "node_modules/fs.realpath": {
      "version": "1.0.0",
      "resolved": "https://registry.npmjs.org/fs.realpath/-/fs.realpath-1.0.0.tgz",
      "integrity": "sha512-OO0pH2lK6a0hZnAdau5ItzHPI6pUlvI7jMVnxUQRtw4owF2wk8lOSabtGDCTP4Ggrg2MbGnWO9X8K1t4+fGMDw=="
    },
    "node_modules/glob": {
      "version": "8.0.3",
      "resolved": "https://registry.npmjs.org/glob/-/glob-8.0.3.tgz",
      "integrity": "sha512-ull455NHSHI/Y1FqGaaYFaLGkNMMJbavMrEGFXG/PGrg6y7sutWHUHrz6gy6WEBH6akM1M414dWKCNs+IhKdiQ==",
      "dependencies": {
        "fs.realpath": "^1.0.0",
        "inflight": "^1.0.4",
        "inherits": "2",
        "minimatch": "^5.0.1",
        "once": "^1.3.0"
      },
      "engines": {
        "node": ">=12"
      },
      "funding": {
        "url": "https://github.com/sponsors/isaacs"
      }
    },
    "node_modules/glob-parent": {
      "version": "5.1.2",
      "resolved": "https://registry.npmjs.org/glob-parent/-/glob-parent-5.1.2.tgz",
      "integrity": "sha512-AOIgSQCepiJYwP3ARnGx+5VnTu2HBYdzbGP45eLw1vr3zB3vZLeyed1sC9hnbcOc9/SrMyM5RPQrkGz4aS9Zow==",
      "dev": true,
      "dependencies": {
        "is-glob": "^4.0.1"
      },
      "engines": {
        "node": ">= 6"
      }
    },
    "node_modules/inflight": {
      "version": "1.0.6",
      "resolved": "https://registry.npmjs.org/inflight/-/inflight-1.0.6.tgz",
      "integrity": "sha512-k92I/b08q4wvFscXCLvqfsHCrjrF7yiXsQuIVvVE7N82W3+aqpzuUdBbfhWcy/FZR3/4IgflMgKLOsvPDrGCJA==",
      "dependencies": {
        "once": "^1.3.0",
        "wrappy": "1"
      }
    },
    "node_modules/inherits": {
      "version": "2.0.4",
      "resolved": "https://registry.npmjs.org/inherits/-/inherits-2.0.4.tgz",
      "integrity": "sha512-k/vGaX4/Yla3WzyMCvTQOXYeIHvqOKtnqBduzTHpzpQZzAskKMhZ2K+EnBiSM9zGSoIFeMpXKxa4dYeZIQqewQ=="
    },
    "node_modules/is-extglob": {
      "version": "2.1.1",
      "resolved": "https://registry.npmjs.org/is-extglob/-/is-extglob-2.1.1.tgz",
      "integrity": "sha512-SbKbANkN603Vi4jEZv49LeVJMn4yGwsbzZworEoyEiutsN3nJYdbO36zfhGJ6QEDpOZIFkDtnq5JRxmvl3jsoQ==",
      "dev": true,
      "engines": {
        "node": ">=0.10.0"
      }
    },
    "node_modules/is-glob": {
      "version": "4.0.3",
      "resolved": "https://registry.npmjs.org/is-glob/-/is-glob-4.0.3.tgz",
      "integrity": "sha512-xelSayHH36ZgE7ZWhli7pW34hNbNl8Ojv5KVmkJD4hBdD3th8Tfk9vYasLM+mXWOZhFkgZfxhLSnrwRr4elSSg==",
      "dev": true,
      "dependencies": {
        "is-extglob": "^2.1.1"
      },
      "engines": {
        "node": ">=0.10.0"
      }
    },
    "node_modules/is-number": {
      "version": "7.0.0",
      "resolved": "https://registry.npmjs.org/is-number/-/is-number-7.0.0.tgz",
      "integrity": "sha512-41Cifkg6e8TylSpdtTpeLVMqvSBEVzTttHvERD741+pnZ8ANv0004MRL43QKPDlK9cGvNp6NZWZUBlbGXYxxng==",
      "dev": true,
      "engines": {
        "node": ">=0.12.0"
      }
    },
    "node_modules/js-yaml": {
      "version": "3.14.1",
      "resolved": "https://registry.npmjs.org/js-yaml/-/js-yaml-3.14.1.tgz",
      "integrity": "sha512-okMH7OXXJ7YrN9Ok3/SXrnu4iX9yOk+25nqX4imS2npuvTYDmo/QEZoqwZkYaIDk3jVvBOTOIEgEhaLOynBS9g==",
      "dependencies": {
        "argparse": "^1.0.7",
        "esprima": "^4.0.0"
      },
      "bin": {
        "js-yaml": "bin/js-yaml.js"
      }
    },
    "node_modules/merge2": {
      "version": "1.4.1",
      "resolved": "https://registry.npmjs.org/merge2/-/merge2-1.4.1.tgz",
      "integrity": "sha512-8q7VEgMJW4J8tcfVPy8g09NcQwZdbwFEqhe/WZkoIzjn/3TGDwtOCYtXGxA3O8tPzpczCCDgv+P2P5y00ZJOOg==",
      "dev": true,
      "engines": {
        "node": ">= 8"
      }
    },
    "node_modules/micromatch": {
      "version": "4.0.5",
      "resolved": "https://registry.npmjs.org/micromatch/-/micromatch-4.0.5.tgz",
      "integrity": "sha512-DMy+ERcEW2q8Z2Po+WNXuw3c5YaUSFjAO5GsJqfEl7UjvtIuFKO6ZrKvcItdy98dwFI2N1tg3zNIdKaQT+aNdA==",
      "dev": true,
      "dependencies": {
        "braces": "^3.0.2",
        "picomatch": "^2.3.1"
      },
      "engines": {
        "node": ">=8.6"
      }
    },
    "node_modules/minimatch": {
      "version": "5.1.0",
      "resolved": "https://registry.npmjs.org/minimatch/-/minimatch-5.1.0.tgz",
      "integrity": "sha512-9TPBGGak4nHfGZsPBohm9AWg6NoT7QTCehS3BIJABslyZbzxfV78QM2Y6+i741OPZIafFAaiiEMh5OyIrJPgtg==",
      "dependencies": {
        "brace-expansion": "^2.0.1"
      },
      "engines": {
        "node": ">=10"
      }
    },
    "node_modules/once": {
      "version": "1.4.0",
      "resolved": "https://registry.npmjs.org/once/-/once-1.4.0.tgz",
      "integrity": "sha512-lNaJgI+2Q5URQBkccEKHTQOPaXdUxnZZElQTZY0MFUAuaEqe1E+Nyvgdz/aIyNi6Z9MzO5dv1H8n58/GELp3+w==",
      "dependencies": {
        "wrappy": "1"
      }
    },
    "node_modules/picomatch": {
      "version": "2.3.1",
      "resolved": "https://registry.npmjs.org/picomatch/-/picomatch-2.3.1.tgz",
      "integrity": "sha512-JU3teHTNjmE2VCGFzuY8EXzCDVwEqB2a8fsIvwaStHhAWJEeVd1o1QD80CU6+ZdEXXSLbSsuLwJjkCBWqRQUVA==",
      "dev": true,
      "engines": {
        "node": ">=8.6"
      },
      "funding": {
        "url": "https://github.com/sponsors/jonschlinkert"
      }
    },
    "node_modules/queue-microtask": {
      "version": "1.2.3",
      "resolved": "https://registry.npmjs.org/queue-microtask/-/queue-microtask-1.2.3.tgz",
      "integrity": "sha512-NuaNSa6flKT5JaSYQzJok04JzTL1CA6aGhv5rfLW3PgqA+M2ChpZQnAC8h8i4ZFkBS8X5RqkDBHA7r4hej3K9A==",
      "dev": true,
      "funding": [
        {
          "type": "github",
          "url": "https://github.com/sponsors/feross"
        },
        {
          "type": "patreon",
          "url": "https://www.patreon.com/feross"
        },
        {
          "type": "consulting",
          "url": "https://feross.org/support"
        }
      ]
    },
    "node_modules/reusify": {
      "version": "1.0.4",
      "resolved": "https://registry.npmjs.org/reusify/-/reusify-1.0.4.tgz",
      "integrity": "sha512-U9nH88a3fc/ekCF1l0/UP1IosiuIjyTh7hBvXVMHYgVcfGvt897Xguj2UOLDeI5BG2m7/uwyaLVT6fbtCwTyzw==",
      "dev": true,
      "engines": {
        "iojs": ">=1.0.0",
        "node": ">=0.10.0"
      }
    },
    "node_modules/run-parallel": {
      "version": "1.2.0",
      "resolved": "https://registry.npmjs.org/run-parallel/-/run-parallel-1.2.0.tgz",
      "integrity": "sha512-5l4VyZR86LZ/lDxZTR6jqL8AFE2S0IFLMP26AbjsLVADxHdhB/c0GUsH+y39UfCi3dzz8OlQuPmnaJOMoDHQBA==",
      "dev": true,
      "funding": [
        {
          "type": "github",
          "url": "https://github.com/sponsors/feross"
        },
        {
          "type": "patreon",
          "url": "https://www.patreon.com/feross"
        },
        {
          "type": "consulting",
          "url": "https://feross.org/support"
        }
      ],
      "dependencies": {
        "queue-microtask": "^1.2.2"
      }
    },
    "node_modules/slash": {
      "version": "3.0.0",
      "resolved": "https://registry.npmjs.org/slash/-/slash-3.0.0.tgz",
      "integrity": "sha512-g9Q1haeby36OSStwb4ntCGGGaKsaVSjQ68fBxoQcutl5fS1vuY18H3wSt3jFyFtrkx+Kz0V1G85A4MyAdDMi2Q==",
      "dev": true,
      "engines": {
        "node": ">=8"
      }
    },
    "node_modules/source-map": {
      "version": "0.7.4",
      "resolved": "https://registry.npmjs.org/source-map/-/source-map-0.7.4.tgz",
      "integrity": "sha512-l3BikUxvPOcn5E74dZiq5BGsTb5yEwhaTSzccU6t4sDOH8NWJCstKO5QT2CvtFoK6F0saL7p9xHAqHOlCPJygA==",
      "dev": true,
      "engines": {
        "node": ">= 8"
      }
    },
    "node_modules/sprintf-js": {
      "version": "1.0.3",
      "resolved": "https://registry.npmjs.org/sprintf-js/-/sprintf-js-1.0.3.tgz",
      "integrity": "sha512-D9cPgkvLlV3t3IzL0D0YLvGA9Ahk4PcvVwUbN0dSGr1aP0Nrt4AEnTUbuGvquEC0mA64Gqt1fzirlRs5ibXx8g=="
    },
    "node_modules/to-regex-range": {
      "version": "5.0.1",
      "resolved": "https://registry.npmjs.org/to-regex-range/-/to-regex-range-5.0.1.tgz",
      "integrity": "sha512-65P7iz6X5yEr1cwcgvQxbbIw7Uk3gOy5dIdtZ4rDveLqhrdJP+Li/Hx6tyK0NEb+2GCyneCMJiGqrADCSNk8sQ==",
      "dev": true,
      "dependencies": {
        "is-number": "^7.0.0"
      },
      "engines": {
        "node": ">=8.0"
      }
    },
    "node_modules/wrappy": {
      "version": "1.0.2",
      "resolved": "https://registry.npmjs.org/wrappy/-/wrappy-1.0.2.tgz",
      "integrity": "sha512-l4Sp/DRseor9wL6EvV2+TuQn63dMkPjZ/sp9XkghTEbV9KlPS1xUsZ3u7/IQO4wxtcFB4bgpQPRcR3QCvezPcQ=="
    }
  },
  "dependencies": {
    "@nodelib/fs.scandir": {
      "version": "2.1.5",
      "resolved": "https://registry.npmjs.org/@nodelib/fs.scandir/-/fs.scandir-2.1.5.tgz",
      "integrity": "sha512-vq24Bq3ym5HEQm2NKCr3yXDwjc7vTsEThRDnkp2DK9p1uqLR+DHurm/NOTo0KG7HYHU7eppKZj3MyqYuMBf62g==",
      "dev": true,
      "requires": {
        "@nodelib/fs.stat": "2.0.5",
        "run-parallel": "^1.1.9"
      }
    },
    "@nodelib/fs.stat": {
      "version": "2.0.5",
      "resolved": "https://registry.npmjs.org/@nodelib/fs.stat/-/fs.stat-2.0.5.tgz",
      "integrity": "sha512-RkhPPp2zrqDAQA/2jNhnztcPAlv64XdhIp7a7454A5ovI7Bukxgt7MX7udwAu3zg1DcpPU0rz3VV1SeaqvY4+A==",
      "dev": true
    },
    "@nodelib/fs.walk": {
      "version": "1.2.8",
      "resolved": "https://registry.npmjs.org/@nodelib/fs.walk/-/fs.walk-1.2.8.tgz",
      "integrity": "sha512-oGB+UxlgWcgQkgwo8GcEGwemoTFt3FIO9ababBmaGwXIoBKZ+GTy0pP185beGg7Llih/NSHSV2XAs1lnznocSg==",
      "dev": true,
      "requires": {
        "@nodelib/fs.scandir": "2.1.5",
        "fastq": "^1.6.0"
      }
    },
    "@swc/cli": {
      "version": "0.1.57",
      "resolved": "https://registry.npmjs.org/@swc/cli/-/cli-0.1.57.tgz",
      "integrity": "sha512-HxM8TqYHhAg+zp7+RdTU69bnkl4MWdt1ygyp6BDIPjTiaJVH6Dizn2ezbgDS8mnFZI1FyhKvxU/bbaUs8XhzQg==",
      "dev": true,
      "requires": {
        "commander": "^7.1.0",
        "fast-glob": "^3.2.5",
        "slash": "3.0.0",
        "source-map": "^0.7.3"
      }
    },
    "@swc/core": {
      "version": "1.2.205",
      "resolved": "https://registry.npmjs.org/@swc/core/-/core-1.2.205.tgz",
      "integrity": "sha512-evq0/tFyYdYgOhKb//+G93fxe9zwFxtme7NL7wSiEF8+4/ON4Y5AI9eHLoqddXqs3W8Y0HQi+rJmlrkCibrseA==",
      "dev": true,
      "requires": {
        "@swc/core-android-arm-eabi": "1.2.205",
        "@swc/core-android-arm64": "1.2.205",
        "@swc/core-darwin-arm64": "1.2.205",
        "@swc/core-darwin-x64": "1.2.205",
        "@swc/core-freebsd-x64": "1.2.205",
        "@swc/core-linux-arm-gnueabihf": "1.2.205",
        "@swc/core-linux-arm64-gnu": "1.2.205",
        "@swc/core-linux-arm64-musl": "1.2.205",
        "@swc/core-linux-x64-gnu": "1.2.205",
        "@swc/core-linux-x64-musl": "1.2.205",
        "@swc/core-win32-arm64-msvc": "1.2.205",
        "@swc/core-win32-ia32-msvc": "1.2.205",
        "@swc/core-win32-x64-msvc": "1.2.205"
      }
    },
    "@swc/core-android-arm-eabi": {
      "version": "1.2.205",
      "resolved": "https://registry.npmjs.org/@swc/core-android-arm-eabi/-/core-android-arm-eabi-1.2.205.tgz",
      "integrity": "sha512-HfiuVA1JDHMSRQ8nE1DcemUgZ1PKaPwit4i7q3xin0NVbVHY1xkJyQFuLVh3VxTvGKKkF3hi8GJMVQgOXWL6kg==",
      "dev": true,
      "optional": true
    },
    "@swc/core-android-arm64": {
      "version": "1.2.205",
      "resolved": "https://registry.npmjs.org/@swc/core-android-arm64/-/core-android-arm64-1.2.205.tgz",
      "integrity": "sha512-sRGZBV2dOnmh8gWWFo9HVOHdKa33zIsF8/8oYEGtq+2/s96UlAKltO2AA7HH9RaO/fT1tzBZStp+fEMUhDk/FA==",
      "dev": true,
      "optional": true
    },
    "@swc/core-darwin-arm64": {
      "version": "1.2.205",
      "resolved": "https://registry.npmjs.org/@swc/core-darwin-arm64/-/core-darwin-arm64-1.2.205.tgz",
      "integrity": "sha512-JwVDfKS7vp7zzOQXWNwwcF41h4r3DWEpK6DQjz18WJyS1VVOcpVQGyuE7kSPjcnG01ZxBL9JPwwT353i/8IwDg==",
      "dev": true,
      "optional": true
    },
    "@swc/core-darwin-x64": {
      "version": "1.2.205",
      "resolved": "https://registry.npmjs.org/@swc/core-darwin-x64/-/core-darwin-x64-1.2.205.tgz",
      "integrity": "sha512-malz2I+w6xFF1QyTmPGt0Y0NEMbUcrvfr5gUfZDGjxMhPPlS7k6fXucuZxVr9VVaM+JGq1SidVODmZ84jb1qHg==",
      "dev": true,
      "optional": true
    },
    "@swc/core-freebsd-x64": {
      "version": "1.2.205",
      "resolved": "https://registry.npmjs.org/@swc/core-freebsd-x64/-/core-freebsd-x64-1.2.205.tgz",
      "integrity": "sha512-/nZrG1z0T7h97AsOb/wOtYlnh4WEuNppv3XKQIMPj32YNQdMBVgpybVTVRIs1GQGZMd1/7jAy5BVQcwQjUbrLg==",
      "dev": true,
      "optional": true
    },
    "@swc/core-linux-arm-gnueabihf": {
      "version": "1.2.205",
      "resolved": "https://registry.npmjs.org/@swc/core-linux-arm-gnueabihf/-/core-linux-arm-gnueabihf-1.2.205.tgz",
      "integrity": "sha512-mTA3vETMdBmpecUyI9waZYsp7FABhew4e81psspmFpDyfty0SLISWZDnvPAn0pSnb2fWhzKwDC5kdXHKUmLJuA==",
      "dev": true,
      "optional": true
    },
    "@swc/core-linux-arm64-gnu": {
      "version": "1.2.205",
      "resolved": "https://registry.npmjs.org/@swc/core-linux-arm64-gnu/-/core-linux-arm64-gnu-1.2.205.tgz",
      "integrity": "sha512-qGzFGryeQE+O5SFK7Nn2ESqCEnv00rnzhf11WZF9V71EZ15amIhmbcwHqvFpoRSDw8hZnqoGqfPRfoJbouptnA==",
      "dev": true,
      "optional": true
    },
    "@swc/core-linux-arm64-musl": {
      "version": "1.2.205",
      "resolved": "https://registry.npmjs.org/@swc/core-linux-arm64-musl/-/core-linux-arm64-musl-1.2.205.tgz",
      "integrity": "sha512-uLJoX9L/4Xg3sLMjAbIhzbTe5gD/MBA8VETBeEkLtgb7a0ys1kvn9xQ6qLw6A71amEPlI+VABnoTRdUEaBSV9Q==",
      "dev": true,
      "optional": true
    },
    "@swc/core-linux-x64-gnu": {
      "version": "1.2.205",
      "resolved": "https://registry.npmjs.org/@swc/core-linux-x64-gnu/-/core-linux-x64-gnu-1.2.205.tgz",
      "integrity": "sha512-gQsjcYlkWKP1kceQIsoHGrOrG7ygW3ojNsSnYoZ5DG5PipRA4eeUfO9YIfrmoa29LiVNjmRPfUJa8O1UHDG5ew==",
      "dev": true,
      "optional": true
    },
    "@swc/core-linux-x64-musl": {
      "version": "1.2.205",
      "resolved": "https://registry.npmjs.org/@swc/core-linux-x64-musl/-/core-linux-x64-musl-1.2.205.tgz",
      "integrity": "sha512-LR5ukqBltQc++2eX3qEj/H8KtOt0V3CmtgXNOiNCUxvPDT8mYz/8MJhYOrofonND0RKfXyyPW7dRxg62ceTLSQ==",
      "dev": true,
      "optional": true
    },
    "@swc/core-win32-arm64-msvc": {
      "version": "1.2.205",
      "resolved": "https://registry.npmjs.org/@swc/core-win32-arm64-msvc/-/core-win32-arm64-msvc-1.2.205.tgz",
      "integrity": "sha512-NjcLWm4mOy78LAEt7pqFl+SLcCyqnSlUP729XRd1uRvKwt1Cwch5SQRdoaFqwf1DaEQy4H4iuGPynkfarlb1kQ==",
      "dev": true,
      "optional": true
    },
    "@swc/core-win32-ia32-msvc": {
      "version": "1.2.205",
      "resolved": "https://registry.npmjs.org/@swc/core-win32-ia32-msvc/-/core-win32-ia32-msvc-1.2.205.tgz",
      "integrity": "sha512-+6byrRxIXgZ0zmLL6ZeX1HBBrAqvCy8MR5Yz0SO26jR8OPZXJCgZXL9BTsZO+YEG4f32ZOlZh3nnHCl6Dcb4GA==",
      "dev": true,
      "optional": true
    },
    "@swc/core-win32-x64-msvc": {
      "version": "1.2.205",
      "resolved": "https://registry.npmjs.org/@swc/core-win32-x64-msvc/-/core-win32-x64-msvc-1.2.205.tgz",
      "integrity": "sha512-RRSkyAol0c7sU9gejtrpF8TLmdYdBjLutcmQHtLKbWTm74ZLidZpF28G0J2tD7HNmzQnMpLzyoT1jW9JgLwzVg==",
      "dev": true,
      "optional": true
    },
    "@types/node": {
      "version": "18.0.0",
      "resolved": "https://registry.npmjs.org/@types/node/-/node-18.0.0.tgz",
      "integrity": "sha512-cHlGmko4gWLVI27cGJntjs/Sj8th9aYwplmZFwmmgYQQvL5NUsgVJG7OddLvNfLqYS31KFN0s3qlaD9qCaxACA==",
      "dev": true
    },
    "argparse": {
      "version": "1.0.10",
      "resolved": "https://registry.npmjs.org/argparse/-/argparse-1.0.10.tgz",
      "integrity": "sha512-o5Roy6tNG4SL/FOkCAN6RzjiakZS25RLYFrcMttJqbdd8BWrnA+fGz57iN5Pb06pvBGvl5gQ0B48dJlslXvoTg==",
      "requires": {
        "sprintf-js": "~1.0.2"
      }
    },
    "balanced-match": {
      "version": "1.0.2",
      "resolved": "https://registry.npmjs.org/balanced-match/-/balanced-match-1.0.2.tgz",
      "integrity": "sha512-3oSeUO0TMV67hN1AmbXsK4yaqU7tjiHlbxRDZOpH0KW9+CeX4bRAaX0Anxt0tx2MrpRpWwQaPwIlISEJhYU5Pw=="
    },
    "brace-expansion": {
      "version": "2.0.1",
      "resolved": "https://registry.npmjs.org/brace-expansion/-/brace-expansion-2.0.1.tgz",
      "integrity": "sha512-XnAIvQ8eM+kC6aULx6wuQiwVsnzsi9d3WxzV3FpWTGA19F621kwdbsAcFKXgKUHZWsy+mY6iL1sHTxWEFCytDA==",
      "requires": {
        "balanced-match": "^1.0.0"
      }
    },
    "braces": {
      "version": "3.0.2",
      "resolved": "https://registry.npmjs.org/braces/-/braces-3.0.2.tgz",
      "integrity": "sha512-b8um+L1RzM3WDSzvhm6gIz1yfTbBt6YTlcEKAvsmqCZZFw46z626lVj9j1yEPW33H5H+lBQpZMP1k8l+78Ha0A==",
      "dev": true,
      "requires": {
        "fill-range": "^7.0.1"
      }
    },
    "commander": {
      "version": "7.2.0",
      "resolved": "https://registry.npmjs.org/commander/-/commander-7.2.0.tgz",
      "integrity": "sha512-QrWXB+ZQSVPmIWIhtEO9H+gwHaMGYiF5ChvoJ+K9ZGHG/sVsa6yiesAD1GC/x46sET00Xlwo1u49RVVVzvcSkw==",
      "dev": true
    },
    "esprima": {
      "version": "4.0.1",
      "resolved": "https://registry.npmjs.org/esprima/-/esprima-4.0.1.tgz",
      "integrity": "sha512-eGuFFw7Upda+g4p+QHvnW0RyTX/SVeJBDM/gCtMARO0cLuT2HcEKnTPvhjV6aGeqrCB/sbNop0Kszm0jsaWU4A=="
    },
    "fast-glob": {
      "version": "3.2.11",
      "resolved": "https://registry.npmjs.org/fast-glob/-/fast-glob-3.2.11.tgz",
      "integrity": "sha512-xrO3+1bxSo3ZVHAnqzyuewYT6aMFHRAd4Kcs92MAonjwQZLsK9d0SF1IyQ3k5PoirxTW0Oe/RqFgMQ6TcNE5Ew==",
      "dev": true,
      "requires": {
        "@nodelib/fs.stat": "^2.0.2",
        "@nodelib/fs.walk": "^1.2.3",
        "glob-parent": "^5.1.2",
        "merge2": "^1.3.0",
        "micromatch": "^4.0.4"
      }
    },
    "fastq": {
      "version": "1.13.0",
      "resolved": "https://registry.npmjs.org/fastq/-/fastq-1.13.0.tgz",
      "integrity": "sha512-YpkpUnK8od0o1hmeSc7UUs/eB/vIPWJYjKck2QKIzAf71Vm1AAQ3EbuZB3g2JIy+pg+ERD0vqI79KyZiB2e2Nw==",
      "dev": true,
      "requires": {
        "reusify": "^1.0.4"
      }
    },
    "fill-range": {
      "version": "7.0.1",
      "resolved": "https://registry.npmjs.org/fill-range/-/fill-range-7.0.1.tgz",
      "integrity": "sha512-qOo9F+dMUmC2Lcb4BbVvnKJxTPjCm+RRpe4gDuGrzkL7mEVl/djYSu2OdQ2Pa302N4oqkSg9ir6jaLWJ2USVpQ==",
      "dev": true,
      "requires": {
        "to-regex-range": "^5.0.1"
      }
    },
    "front-matter": {
      "version": "4.0.2",
      "resolved": "https://registry.npmjs.org/front-matter/-/front-matter-4.0.2.tgz",
      "integrity": "sha512-I8ZuJ/qG92NWX8i5x1Y8qyj3vizhXS31OxjKDu3LKP+7/qBgfIKValiZIEwoVoJKUHlhWtYrktkxV1XsX+pPlg==",
      "requires": {
        "js-yaml": "^3.13.1"
      }
    },
    "fs.realpath": {
      "version": "1.0.0",
      "resolved": "https://registry.npmjs.org/fs.realpath/-/fs.realpath-1.0.0.tgz",
      "integrity": "sha512-OO0pH2lK6a0hZnAdau5ItzHPI6pUlvI7jMVnxUQRtw4owF2wk8lOSabtGDCTP4Ggrg2MbGnWO9X8K1t4+fGMDw=="
    },
    "glob": {
      "version": "8.0.3",
      "resolved": "https://registry.npmjs.org/glob/-/glob-8.0.3.tgz",
      "integrity": "sha512-ull455NHSHI/Y1FqGaaYFaLGkNMMJbavMrEGFXG/PGrg6y7sutWHUHrz6gy6WEBH6akM1M414dWKCNs+IhKdiQ==",
      "requires": {
        "fs.realpath": "^1.0.0",
        "inflight": "^1.0.4",
        "inherits": "2",
        "minimatch": "^5.0.1",
        "once": "^1.3.0"
      }
    },
    "glob-parent": {
      "version": "5.1.2",
      "resolved": "https://registry.npmjs.org/glob-parent/-/glob-parent-5.1.2.tgz",
      "integrity": "sha512-AOIgSQCepiJYwP3ARnGx+5VnTu2HBYdzbGP45eLw1vr3zB3vZLeyed1sC9hnbcOc9/SrMyM5RPQrkGz4aS9Zow==",
      "dev": true,
      "requires": {
        "is-glob": "^4.0.1"
      }
    },
    "inflight": {
      "version": "1.0.6",
      "resolved": "https://registry.npmjs.org/inflight/-/inflight-1.0.6.tgz",
      "integrity": "sha512-k92I/b08q4wvFscXCLvqfsHCrjrF7yiXsQuIVvVE7N82W3+aqpzuUdBbfhWcy/FZR3/4IgflMgKLOsvPDrGCJA==",
      "requires": {
        "once": "^1.3.0",
        "wrappy": "1"
      }
    },
    "inherits": {
      "version": "2.0.4",
      "resolved": "https://registry.npmjs.org/inherits/-/inherits-2.0.4.tgz",
      "integrity": "sha512-k/vGaX4/Yla3WzyMCvTQOXYeIHvqOKtnqBduzTHpzpQZzAskKMhZ2K+EnBiSM9zGSoIFeMpXKxa4dYeZIQqewQ=="
    },
    "is-extglob": {
      "version": "2.1.1",
      "resolved": "https://registry.npmjs.org/is-extglob/-/is-extglob-2.1.1.tgz",
      "integrity": "sha512-SbKbANkN603Vi4jEZv49LeVJMn4yGwsbzZworEoyEiutsN3nJYdbO36zfhGJ6QEDpOZIFkDtnq5JRxmvl3jsoQ==",
      "dev": true
    },
    "is-glob": {
      "version": "4.0.3",
      "resolved": "https://registry.npmjs.org/is-glob/-/is-glob-4.0.3.tgz",
      "integrity": "sha512-xelSayHH36ZgE7ZWhli7pW34hNbNl8Ojv5KVmkJD4hBdD3th8Tfk9vYasLM+mXWOZhFkgZfxhLSnrwRr4elSSg==",
      "dev": true,
      "requires": {
        "is-extglob": "^2.1.1"
      }
    },
    "is-number": {
      "version": "7.0.0",
      "resolved": "https://registry.npmjs.org/is-number/-/is-number-7.0.0.tgz",
      "integrity": "sha512-41Cifkg6e8TylSpdtTpeLVMqvSBEVzTttHvERD741+pnZ8ANv0004MRL43QKPDlK9cGvNp6NZWZUBlbGXYxxng==",
      "dev": true
    },
    "js-yaml": {
      "version": "3.14.1",
      "resolved": "https://registry.npmjs.org/js-yaml/-/js-yaml-3.14.1.tgz",
      "integrity": "sha512-okMH7OXXJ7YrN9Ok3/SXrnu4iX9yOk+25nqX4imS2npuvTYDmo/QEZoqwZkYaIDk3jVvBOTOIEgEhaLOynBS9g==",
      "requires": {
        "argparse": "^1.0.7",
        "esprima": "^4.0.0"
      }
    },
    "merge2": {
      "version": "1.4.1",
      "resolved": "https://registry.npmjs.org/merge2/-/merge2-1.4.1.tgz",
      "integrity": "sha512-8q7VEgMJW4J8tcfVPy8g09NcQwZdbwFEqhe/WZkoIzjn/3TGDwtOCYtXGxA3O8tPzpczCCDgv+P2P5y00ZJOOg==",
      "dev": true
    },
    "micromatch": {
      "version": "4.0.5",
      "resolved": "https://registry.npmjs.org/micromatch/-/micromatch-4.0.5.tgz",
      "integrity": "sha512-DMy+ERcEW2q8Z2Po+WNXuw3c5YaUSFjAO5GsJqfEl7UjvtIuFKO6ZrKvcItdy98dwFI2N1tg3zNIdKaQT+aNdA==",
      "dev": true,
      "requires": {
        "braces": "^3.0.2",
        "picomatch": "^2.3.1"
      }
    },
    "minimatch": {
      "version": "5.1.0",
      "resolved": "https://registry.npmjs.org/minimatch/-/minimatch-5.1.0.tgz",
      "integrity": "sha512-9TPBGGak4nHfGZsPBohm9AWg6NoT7QTCehS3BIJABslyZbzxfV78QM2Y6+i741OPZIafFAaiiEMh5OyIrJPgtg==",
      "requires": {
        "brace-expansion": "^2.0.1"
      }
    },
    "once": {
      "version": "1.4.0",
      "resolved": "https://registry.npmjs.org/once/-/once-1.4.0.tgz",
      "integrity": "sha512-lNaJgI+2Q5URQBkccEKHTQOPaXdUxnZZElQTZY0MFUAuaEqe1E+Nyvgdz/aIyNi6Z9MzO5dv1H8n58/GELp3+w==",
      "requires": {
        "wrappy": "1"
      }
    },
    "picomatch": {
      "version": "2.3.1",
      "resolved": "https://registry.npmjs.org/picomatch/-/picomatch-2.3.1.tgz",
      "integrity": "sha512-JU3teHTNjmE2VCGFzuY8EXzCDVwEqB2a8fsIvwaStHhAWJEeVd1o1QD80CU6+ZdEXXSLbSsuLwJjkCBWqRQUVA==",
      "dev": true
    },
    "queue-microtask": {
      "version": "1.2.3",
      "resolved": "https://registry.npmjs.org/queue-microtask/-/queue-microtask-1.2.3.tgz",
      "integrity": "sha512-NuaNSa6flKT5JaSYQzJok04JzTL1CA6aGhv5rfLW3PgqA+M2ChpZQnAC8h8i4ZFkBS8X5RqkDBHA7r4hej3K9A==",
      "dev": true
    },
    "reusify": {
      "version": "1.0.4",
      "resolved": "https://registry.npmjs.org/reusify/-/reusify-1.0.4.tgz",
      "integrity": "sha512-U9nH88a3fc/ekCF1l0/UP1IosiuIjyTh7hBvXVMHYgVcfGvt897Xguj2UOLDeI5BG2m7/uwyaLVT6fbtCwTyzw==",
      "dev": true
    },
    "run-parallel": {
      "version": "1.2.0",
      "resolved": "https://registry.npmjs.org/run-parallel/-/run-parallel-1.2.0.tgz",
      "integrity": "sha512-5l4VyZR86LZ/lDxZTR6jqL8AFE2S0IFLMP26AbjsLVADxHdhB/c0GUsH+y39UfCi3dzz8OlQuPmnaJOMoDHQBA==",
      "dev": true,
      "requires": {
        "queue-microtask": "^1.2.2"
      }
    },
    "slash": {
      "version": "3.0.0",
      "resolved": "https://registry.npmjs.org/slash/-/slash-3.0.0.tgz",
      "integrity": "sha512-g9Q1haeby36OSStwb4ntCGGGaKsaVSjQ68fBxoQcutl5fS1vuY18H3wSt3jFyFtrkx+Kz0V1G85A4MyAdDMi2Q==",
      "dev": true
    },
    "source-map": {
      "version": "0.7.4",
      "resolved": "https://registry.npmjs.org/source-map/-/source-map-0.7.4.tgz",
      "integrity": "sha512-l3BikUxvPOcn5E74dZiq5BGsTb5yEwhaTSzccU6t4sDOH8NWJCstKO5QT2CvtFoK6F0saL7p9xHAqHOlCPJygA==",
      "dev": true
    },
    "sprintf-js": {
      "version": "1.0.3",
      "resolved": "https://registry.npmjs.org/sprintf-js/-/sprintf-js-1.0.3.tgz",
      "integrity": "sha512-D9cPgkvLlV3t3IzL0D0YLvGA9Ahk4PcvVwUbN0dSGr1aP0Nrt4AEnTUbuGvquEC0mA64Gqt1fzirlRs5ibXx8g=="
    },
    "to-regex-range": {
      "version": "5.0.1",
      "resolved": "https://registry.npmjs.org/to-regex-range/-/to-regex-range-5.0.1.tgz",
      "integrity": "sha512-65P7iz6X5yEr1cwcgvQxbbIw7Uk3gOy5dIdtZ4rDveLqhrdJP+Li/Hx6tyK0NEb+2GCyneCMJiGqrADCSNk8sQ==",
      "dev": true,
      "requires": {
        "is-number": "^7.0.0"
      }
    },
    "wrappy": {
      "version": "1.0.2",
      "resolved": "https://registry.npmjs.org/wrappy/-/wrappy-1.0.2.tgz",
      "integrity": "sha512-l4Sp/DRseor9wL6EvV2+TuQn63dMkPjZ/sp9XkghTEbV9KlPS1xUsZ3u7/IQO4wxtcFB4bgpQPRcR3QCvezPcQ=="
    }
  }
}
